// !$*UTF8*$!
{
	archiveVersion = 1;
	classes = {
	};
	objectVersion = 50;
	objects = {

/* Begin PBXBuildFile section */
		6F00DF1A266A78F3007D8D89 /* AppDelegate.swift in Sources */ = {isa = PBXBuildFile; fileRef = 6F00DF19266A78F3007D8D89 /* AppDelegate.swift */; };
		6F00DF1C266A78F3007D8D89 /* SceneDelegate.swift in Sources */ = {isa = PBXBuildFile; fileRef = 6F00DF1B266A78F3007D8D89 /* SceneDelegate.swift */; };
		6F00DF1E266A78F3007D8D89 /* ViewController.swift in Sources */ = {isa = PBXBuildFile; fileRef = 6F00DF1D266A78F3007D8D89 /* ViewController.swift */; };
		6F00DF21266A78F3007D8D89 /* Main.storyboard in Resources */ = {isa = PBXBuildFile; fileRef = 6F00DF1F266A78F3007D8D89 /* Main.storyboard */; };
		6F00DF23266A78F7007D8D89 /* Assets.xcassets in Resources */ = {isa = PBXBuildFile; fileRef = 6F00DF22266A78F7007D8D89 /* Assets.xcassets */; };
		6F00DF26266A78F7007D8D89 /* LaunchScreen.storyboard in Resources */ = {isa = PBXBuildFile; fileRef = 6F00DF24266A78F7007D8D89 /* LaunchScreen.storyboard */; };
		6F00DF31266A78F8007D8D89 /* calculatorAppTests.swift in Sources */ = {isa = PBXBuildFile; fileRef = 6F00DF30266A78F8007D8D89 /* calculatorAppTests.swift */; };
		6F00DF3C266A78F8007D8D89 /* calculatorAppUITests.swift in Sources */ = {isa = PBXBuildFile; fileRef = 6F00DF3B266A78F8007D8D89 /* calculatorAppUITests.swift */; };
/* End PBXBuildFile section */

/* Begin PBXContainerItemProxy section */
		6F00DF2D266A78F8007D8D89 /* PBXContainerItemProxy */ = {
			isa = PBXContainerItemProxy;
			containerPortal = 6F00DF0E266A78F2007D8D89 /* Project object */;
			proxyType = 1;
			remoteGlobalIDString = 6F00DF15266A78F3007D8D89;
			remoteInfo = calculatorApp;
		};
		6F00DF38266A78F8007D8D89 /* PBXContainerItemProxy */ = {
			isa = PBXContainerItemProxy;
			containerPortal = 6F00DF0E266A78F2007D8D89 /* Project object */;
			proxyType = 1;
			remoteGlobalIDString = 6F00DF15266A78F3007D8D89;
			remoteInfo = calculatorApp;
		};
/* End PBXContainerItemProxy section */

/* Begin PBXFileReference section */
		6F00DF16266A78F3007D8D89 /* calculatorApp.app */ = {isa = PBXFileReference; explicitFileType = wrapper.application; includeInIndex = 0; path = calculatorApp.app; sourceTree = BUILT_PRODUCTS_DIR; };
		6F00DF19266A78F3007D8D89 /* AppDelegate.swift */ = {isa = PBXFileReference; lastKnownFileType = sourcecode.swift; path = AppDelegate.swift; sourceTree = "<group>"; };
		6F00DF1B266A78F3007D8D89 /* SceneDelegate.swift */ = {isa = PBXFileReference; lastKnownFileType = sourcecode.swift; path = SceneDelegate.swift; sourceTree = "<group>"; };
		6F00DF1D266A78F3007D8D89 /* ViewController.swift */ = {isa = PBXFileReference; lastKnownFileType = sourcecode.swift; path = ViewController.swift; sourceTree = "<group>"; };
		6F00DF20266A78F3007D8D89 /* Base */ = {isa = PBXFileReference; lastKnownFileType = file.storyboard; name = Base; path = Base.lproj/Main.storyboard; sourceTree = "<group>"; };
		6F00DF22266A78F7007D8D89 /* Assets.xcassets */ = {isa = PBXFileReference; lastKnownFileType = folder.assetcatalog; path = Assets.xcassets; sourceTree = "<group>"; };
		6F00DF25266A78F7007D8D89 /* Base */ = {isa = PBXFileReference; lastKnownFileType = file.storyboard; name = Base; path = Base.lproj/LaunchScreen.storyboard; sourceTree = "<group>"; };
		6F00DF27266A78F7007D8D89 /* Info.plist */ = {isa = PBXFileReference; lastKnownFileType = text.plist.xml; path = Info.plist; sourceTree = "<group>"; };
		6F00DF2C266A78F8007D8D89 /* calculatorAppTests.xctest */ = {isa = PBXFileReference; explicitFileType = wrapper.cfbundle; includeInIndex = 0; path = calculatorAppTests.xctest; sourceTree = BUILT_PRODUCTS_DIR; };
		6F00DF30266A78F8007D8D89 /* calculatorAppTests.swift */ = {isa = PBXFileReference; lastKnownFileType = sourcecode.swift; path = calculatorAppTests.swift; sourceTree = "<group>"; };
		6F00DF32266A78F8007D8D89 /* Info.plist */ = {isa = PBXFileReference; lastKnownFileType = text.plist.xml; path = Info.plist; sourceTree = "<group>"; };
		6F00DF37266A78F8007D8D89 /* calculatorAppUITests.xctest */ = {isa = PBXFileReference; explicitFileType = wrapper.cfbundle; includeInIndex = 0; path = calculatorAppUITests.xctest; sourceTree = BUILT_PRODUCTS_DIR; };
		6F00DF3B266A78F8007D8D89 /* calculatorAppUITests.swift */ = {isa = PBXFileReference; lastKnownFileType = sourcecode.swift; path = calculatorAppUITests.swift; sourceTree = "<group>"; };
		6F00DF3D266A78F8007D8D89 /* Info.plist */ = {isa = PBXFileReference; lastKnownFileType = text.plist.xml; path = Info.plist; sourceTree = "<group>"; };
/* End PBXFileReference section */

/* Begin PBXFrameworksBuildPhase section */
		6F00DF13266A78F3007D8D89 /* Frameworks */ = {
			isa = PBXFrameworksBuildPhase;
			buildActionMask = 2147483647;
			files = (
			);
			runOnlyForDeploymentPostprocessing = 0;
		};
		6F00DF29266A78F8007D8D89 /* Frameworks */ = {
			isa = PBXFrameworksBuildPhase;
			buildActionMask = 2147483647;
			files = (
			);
			runOnlyForDeploymentPostprocessing = 0;
		};
		6F00DF34266A78F8007D8D89 /* Frameworks */ = {
			isa = PBXFrameworksBuildPhase;
			buildActionMask = 2147483647;
			files = (
			);
			runOnlyForDeploymentPostprocessing = 0;
		};
/* End PBXFrameworksBuildPhase section */

/* Begin PBXGroup section */
		6F00DF0D266A78F2007D8D89 = {
			isa = PBXGroup;
			children = (
				6F00DF18266A78F3007D8D89 /* calculatorApp */,
				6F00DF2F266A78F8007D8D89 /* calculatorAppTests */,
				6F00DF3A266A78F8007D8D89 /* calculatorAppUITests */,
				6F00DF17266A78F3007D8D89 /* Products */,
			);
			sourceTree = "<group>";
		};
		6F00DF17266A78F3007D8D89 /* Products */ = {
			isa = PBXGroup;
			children = (
				6F00DF16266A78F3007D8D89 /* calculatorApp.app */,
				6F00DF2C266A78F8007D8D89 /* calculatorAppTests.xctest */,
				6F00DF37266A78F8007D8D89 /* calculatorAppUITests.xctest */,
			);
			name = Products;
			sourceTree = "<group>";
		};
		6F00DF18266A78F3007D8D89 /* calculatorApp */ = {
			isa = PBXGroup;
			children = (
				6F00DF19266A78F3007D8D89 /* AppDelegate.swift */,
				6F00DF1B266A78F3007D8D89 /* SceneDelegate.swift */,
				6F00DF1D266A78F3007D8D89 /* ViewController.swift */,
				6F00DF1F266A78F3007D8D89 /* Main.storyboard */,
				6F00DF22266A78F7007D8D89 /* Assets.xcassets */,
				6F00DF24266A78F7007D8D89 /* LaunchScreen.storyboard */,
				6F00DF27266A78F7007D8D89 /* Info.plist */,
			);
			path = calculatorApp;
			sourceTree = "<group>";
		};
		6F00DF2F266A78F8007D8D89 /* calculatorAppTests */ = {
			isa = PBXGroup;
			children = (
				6F00DF30266A78F8007D8D89 /* calculatorAppTests.swift */,
				6F00DF32266A78F8007D8D89 /* Info.plist */,
			);
			path = calculatorAppTests;
			sourceTree = "<group>";
		};
		6F00DF3A266A78F8007D8D89 /* calculatorAppUITests */ = {
			isa = PBXGroup;
			children = (
				6F00DF3B266A78F8007D8D89 /* calculatorAppUITests.swift */,
				6F00DF3D266A78F8007D8D89 /* Info.plist */,
			);
			path = calculatorAppUITests;
			sourceTree = "<group>";
		};
/* End PBXGroup section */

/* Begin PBXNativeTarget section */
		6F00DF15266A78F3007D8D89 /* calculatorApp */ = {
			isa = PBXNativeTarget;
			buildConfigurationList = 6F00DF40266A78F8007D8D89 /* Build configuration list for PBXNativeTarget "calculatorApp" */;
			buildPhases = (
				6F00DF12266A78F3007D8D89 /* Sources */,
				6F00DF13266A78F3007D8D89 /* Frameworks */,
				6F00DF14266A78F3007D8D89 /* Resources */,
			);
			buildRules = (
			);
			dependencies = (
			);
			name = calculatorApp;
			productName = calculatorApp;
			productReference = 6F00DF16266A78F3007D8D89 /* calculatorApp.app */;
			productType = "com.apple.product-type.application";
		};
		6F00DF2B266A78F8007D8D89 /* calculatorAppTests */ = {
			isa = PBXNativeTarget;
			buildConfigurationList = 6F00DF43266A78F8007D8D89 /* Build configuration list for PBXNativeTarget "calculatorAppTests" */;
			buildPhases = (
				6F00DF28266A78F8007D8D89 /* Sources */,
				6F00DF29266A78F8007D8D89 /* Frameworks */,
				6F00DF2A266A78F8007D8D89 /* Resources */,
			);
			buildRules = (
			);
			dependencies = (
				6F00DF2E266A78F8007D8D89 /* PBXTargetDependency */,
			);
			name = calculatorAppTests;
			productName = calculatorAppTests;
			productReference = 6F00DF2C266A78F8007D8D89 /* calculatorAppTests.xctest */;
			productType = "com.apple.product-type.bundle.unit-test";
		};
		6F00DF36266A78F8007D8D89 /* calculatorAppUITests */ = {
			isa = PBXNativeTarget;
			buildConfigurationList = 6F00DF46266A78F8007D8D89 /* Build configuration list for PBXNativeTarget "calculatorAppUITests" */;
			buildPhases = (
				6F00DF33266A78F8007D8D89 /* Sources */,
				6F00DF34266A78F8007D8D89 /* Frameworks */,
				6F00DF35266A78F8007D8D89 /* Resources */,
			);
			buildRules = (
			);
			dependencies = (
				6F00DF39266A78F8007D8D89 /* PBXTargetDependency */,
			);
			name = calculatorAppUITests;
			productName = calculatorAppUITests;
			productReference = 6F00DF37266A78F8007D8D89 /* calculatorAppUITests.xctest */;
			productType = "com.apple.product-type.bundle.ui-testing";
		};
/* End PBXNativeTarget section */

/* Begin PBXProject section */
		6F00DF0E266A78F2007D8D89 /* Project object */ = {
			isa = PBXProject;
			attributes = {
				LastSwiftUpdateCheck = 1250;
				LastUpgradeCheck = 1250;
				TargetAttributes = {
					6F00DF15266A78F3007D8D89 = {
						CreatedOnToolsVersion = 12.5;
					};
					6F00DF2B266A78F8007D8D89 = {
						CreatedOnToolsVersion = 12.5;
						TestTargetID = 6F00DF15266A78F3007D8D89;
					};
					6F00DF36266A78F8007D8D89 = {
						CreatedOnToolsVersion = 12.5;
						TestTargetID = 6F00DF15266A78F3007D8D89;
					};
				};
			};
			buildConfigurationList = 6F00DF11266A78F3007D8D89 /* Build configuration list for PBXProject "calculatorApp" */;
			compatibilityVersion = "Xcode 9.3";
			developmentRegion = en;
			hasScannedForEncodings = 0;
			knownRegions = (
				en,
				Base,
			);
			mainGroup = 6F00DF0D266A78F2007D8D89;
			productRefGroup = 6F00DF17266A78F3007D8D89 /* Products */;
			projectDirPath = "";
			projectRoot = "";
			targets = (
				6F00DF15266A78F3007D8D89 /* calculatorApp */,
				6F00DF2B266A78F8007D8D89 /* calculatorAppTests */,
				6F00DF36266A78F8007D8D89 /* calculatorAppUITests */,
			);
		};
/* End PBXProject section */

/* Begin PBXResourcesBuildPhase section */
		6F00DF14266A78F3007D8D89 /* Resources */ = {
			isa = PBXResourcesBuildPhase;
			buildActionMask = 2147483647;
			files = (
				6F00DF26266A78F7007D8D89 /* LaunchScreen.storyboard in Resources */,
				6F00DF23266A78F7007D8D89 /* Assets.xcassets in Resources */,
				6F00DF21266A78F3007D8D89 /* Main.storyboard in Resources */,
			);
			runOnlyForDeploymentPostprocessing = 0;
		};
		6F00DF2A266A78F8007D8D89 /* Resources */ = {
			isa = PBXResourcesBuildPhase;
			buildActionMask = 2147483647;
			files = (
			);
			runOnlyForDeploymentPostprocessing = 0;
		};
		6F00DF35266A78F8007D8D89 /* Resources */ = {
			isa = PBXResourcesBuildPhase;
			buildActionMask = 2147483647;
			files = (
			);
			runOnlyForDeploymentPostprocessing = 0;
		};
/* End PBXResourcesBuildPhase section */

/* Begin PBXSourcesBuildPhase section */
		6F00DF12266A78F3007D8D89 /* Sources */ = {
			isa = PBXSourcesBuildPhase;
			buildActionMask = 2147483647;
			files = (
				6F00DF1E266A78F3007D8D89 /* ViewController.swift in Sources */,
				6F00DF1A266A78F3007D8D89 /* AppDelegate.swift in Sources */,
				6F00DF1C266A78F3007D8D89 /* SceneDelegate.swift in Sources */,
			);
			runOnlyForDeploymentPostprocessing = 0;
		};
		6F00DF28266A78F8007D8D89 /* Sources */ = {
			isa = PBXSourcesBuildPhase;
			buildActionMask = 2147483647;
			files = (
				6F00DF31266A78F8007D8D89 /* calculatorAppTests.swift in Sources */,
			);
			runOnlyForDeploymentPostprocessing = 0;
		};
		6F00DF33266A78F8007D8D89 /* Sources */ = {
			isa = PBXSourcesBuildPhase;
			buildActionMask = 2147483647;
			files = (
				6F00DF3C266A78F8007D8D89 /* calculatorAppUITests.swift in Sources */,
			);
			runOnlyForDeploymentPostprocessing = 0;
		};
/* End PBXSourcesBuildPhase section */

/* Begin PBXTargetDependency section */
		6F00DF2E266A78F8007D8D89 /* PBXTargetDependency */ = {
			isa = PBXTargetDependency;
			target = 6F00DF15266A78F3007D8D89 /* calculatorApp */;
			targetProxy = 6F00DF2D266A78F8007D8D89 /* PBXContainerItemProxy */;
		};
		6F00DF39266A78F8007D8D89 /* PBXTargetDependency */ = {
			isa = PBXTargetDependency;
			target = 6F00DF15266A78F3007D8D89 /* calculatorApp */;
			targetProxy = 6F00DF38266A78F8007D8D89 /* PBXContainerItemProxy */;
		};
/* End PBXTargetDependency section */

/* Begin PBXVariantGroup section */
		6F00DF1F266A78F3007D8D89 /* Main.storyboard */ = {
			isa = PBXVariantGroup;
			children = (
				6F00DF20266A78F3007D8D89 /* Base */,
			);
			name = Main.storyboard;
			sourceTree = "<group>";
		};
		6F00DF24266A78F7007D8D89 /* LaunchScreen.storyboard */ = {
			isa = PBXVariantGroup;
			children = (
				6F00DF25266A78F7007D8D89 /* Base */,
			);
			name = LaunchScreen.storyboard;
			sourceTree = "<group>";
		};
/* End PBXVariantGroup section */

/* Begin XCBuildConfiguration section */
		6F00DF3E266A78F8007D8D89 /* Debug */ = {
			isa = XCBuildConfiguration;
			buildSettings = {
				ALWAYS_SEARCH_USER_PATHS = NO;
				CLANG_ANALYZER_NONNULL = YES;
				CLANG_ANALYZER_NUMBER_OBJECT_CONVERSION = YES_AGGRESSIVE;
				CLANG_CXX_LANGUAGE_STANDARD = "gnu++14";
				CLANG_CXX_LIBRARY = "libc++";
				CLANG_ENABLE_MODULES = YES;
				CLANG_ENABLE_OBJC_ARC = YES;
				CLANG_ENABLE_OBJC_WEAK = YES;
				CLANG_WARN_BLOCK_CAPTURE_AUTORELEASING = YES;
				CLANG_WARN_BOOL_CONVERSION = YES;
				CLANG_WARN_COMMA = YES;
				CLANG_WARN_CONSTANT_CONVERSION = YES;
				CLANG_WARN_DEPRECATED_OBJC_IMPLEMENTATIONS = YES;
				CLANG_WARN_DIRECT_OBJC_ISA_USAGE = YES_ERROR;
				CLANG_WARN_DOCUMENTATION_COMMENTS = YES;
				CLANG_WARN_EMPTY_BODY = YES;
				CLANG_WARN_ENUM_CONVERSION = YES;
				CLANG_WARN_INFINITE_RECURSION = YES;
				CLANG_WARN_INT_CONVERSION = YES;
				CLANG_WARN_NON_LITERAL_NULL_CONVERSION = YES;
				CLANG_WARN_OBJC_IMPLICIT_RETAIN_SELF = YES;
				CLANG_WARN_OBJC_LITERAL_CONVERSION = YES;
				CLANG_WARN_OBJC_ROOT_CLASS = YES_ERROR;
				CLANG_WARN_QUOTED_INCLUDE_IN_FRAMEWORK_HEADER = YES;
				CLANG_WARN_RANGE_LOOP_ANALYSIS = YES;
				CLANG_WARN_STRICT_PROTOTYPES = YES;
				CLANG_WARN_SUSPICIOUS_MOVE = YES;
				CLANG_WARN_UNGUARDED_AVAILABILITY = YES_AGGRESSIVE;
				CLANG_WARN_UNREACHABLE_CODE = YES;
				CLANG_WARN__DUPLICATE_METHOD_MATCH = YES;
				COPY_PHASE_STRIP = NO;
				DEBUG_INFORMATION_FORMAT = dwarf;
				ENABLE_STRICT_OBJC_MSGSEND = YES;
				ENABLE_TESTABILITY = YES;
				GCC_C_LANGUAGE_STANDARD = gnu11;
				GCC_DYNAMIC_NO_PIC = NO;
				GCC_NO_COMMON_BLOCKS = YES;
				GCC_OPTIMIZATION_LEVEL = 0;
				GCC_PREPROCESSOR_DEFINITIONS = (
					"DEBUG=1",
					"$(inherited)",
				);
				GCC_WARN_64_TO_32_BIT_CONVERSION = YES;
				GCC_WARN_ABOUT_RETURN_TYPE = YES_ERROR;
				GCC_WARN_UNDECLARED_SELECTOR = YES;
				GCC_WARN_UNINITIALIZED_AUTOS = YES_AGGRESSIVE;
				GCC_WARN_UNUSED_FUNCTION = YES;
				GCC_WARN_UNUSED_VARIABLE = YES;
				IPHONEOS_DEPLOYMENT_TARGET = 14.5;
				MTL_ENABLE_DEBUG_INFO = INCLUDE_SOURCE;
				MTL_FAST_MATH = YES;
				ONLY_ACTIVE_ARCH = YES;
				SDKROOT = iphoneos;
				SWIFT_ACTIVE_COMPILATION_CONDITIONS = DEBUG;
				SWIFT_OPTIMIZATION_LEVEL = "-Onone";
			};
			name = Debug;
		};
		6F00DF3F266A78F8007D8D89 /* Release */ = {
			isa = XCBuildConfiguration;
			buildSettings = {
				ALWAYS_SEARCH_USER_PATHS = NO;
				CLANG_ANALYZER_NONNULL = YES;
				CLANG_ANALYZER_NUMBER_OBJECT_CONVERSION = YES_AGGRESSIVE;
				CLANG_CXX_LANGUAGE_STANDARD = "gnu++14";
				CLANG_CXX_LIBRARY = "libc++";
				CLANG_ENABLE_MODULES = YES;
				CLANG_ENABLE_OBJC_ARC = YES;
				CLANG_ENABLE_OBJC_WEAK = YES;
				CLANG_WARN_BLOCK_CAPTURE_AUTORELEASING = YES;
				CLANG_WARN_BOOL_CONVERSION = YES;
				CLANG_WARN_COMMA = YES;
				CLANG_WARN_CONSTANT_CONVERSION = YES;
				CLANG_WARN_DEPRECATED_OBJC_IMPLEMENTATIONS = YES;
				CLANG_WARN_DIRECT_OBJC_ISA_USAGE = YES_ERROR;
				CLANG_WARN_DOCUMENTATION_COMMENTS = YES;
				CLANG_WARN_EMPTY_BODY = YES;
				CLANG_WARN_ENUM_CONVERSION = YES;
				CLANG_WARN_INFINITE_RECURSION = YES;
				CLANG_WARN_INT_CONVERSION = YES;
				CLANG_WARN_NON_LITERAL_NULL_CONVERSION = YES;
				CLANG_WARN_OBJC_IMPLICIT_RETAIN_SELF = YES;
				CLANG_WARN_OBJC_LITERAL_CONVERSION = YES;
				CLANG_WARN_OBJC_ROOT_CLASS = YES_ERROR;
				CLANG_WARN_QUOTED_INCLUDE_IN_FRAMEWORK_HEADER = YES;
				CLANG_WARN_RANGE_LOOP_ANALYSIS = YES;
				CLANG_WARN_STRICT_PROTOTYPES = YES;
				CLANG_WARN_SUSPICIOUS_MOVE = YES;
				CLANG_WARN_UNGUARDED_AVAILABILITY = YES_AGGRESSIVE;
				CLANG_WARN_UNREACHABLE_CODE = YES;
				CLANG_WARN__DUPLICATE_METHOD_MATCH = YES;
				COPY_PHASE_STRIP = NO;
				DEBUG_INFORMATION_FORMAT = "dwarf-with-dsym";
				ENABLE_NS_ASSERTIONS = NO;
				ENABLE_STRICT_OBJC_MSGSEND = YES;
				GCC_C_LANGUAGE_STANDARD = gnu11;
				GCC_NO_COMMON_BLOCKS = YES;
				GCC_WARN_64_TO_32_BIT_CONVERSION = YES;
				GCC_WARN_ABOUT_RETURN_TYPE = YES_ERROR;
				GCC_WARN_UNDECLARED_SELECTOR = YES;
				GCC_WARN_UNINITIALIZED_AUTOS = YES_AGGRESSIVE;
				GCC_WARN_UNUSED_FUNCTION = YES;
				GCC_WARN_UNUSED_VARIABLE = YES;
				IPHONEOS_DEPLOYMENT_TARGET = 14.5;
				MTL_ENABLE_DEBUG_INFO = NO;
				MTL_FAST_MATH = YES;
				SDKROOT = iphoneos;
				SWIFT_COMPILATION_MODE = wholemodule;
				SWIFT_OPTIMIZATION_LEVEL = "-O";
				VALIDATE_PRODUCT = YES;
			};
			name = Release;
		};
		6F00DF41266A78F8007D8D89 /* Debug */ = {
			isa = XCBuildConfiguration;
			buildSettings = {
				ASSETCATALOG_COMPILER_APPICON_NAME = AppIcon;
				ASSETCATALOG_COMPILER_GLOBAL_ACCENT_COLOR_NAME = AccentColor;
				CODE_SIGN_STYLE = Automatic;
				INFOPLIST_FILE = calculatorApp/Info.plist;
				LD_RUNPATH_SEARCH_PATHS = (
					"$(inherited)",
					"@executable_path/Frameworks",
				);
				PRODUCT_BUNDLE_IDENTIFIER = com.n.calculatorApp;
				PRODUCT_NAME = "$(TARGET_NAME)";
				SWIFT_VERSION = 5.0;
				TARGETED_DEVICE_FAMILY = "1,2";
			};
			name = Debug;
		};
		6F00DF42266A78F8007D8D89 /* Release */ = {
			isa = XCBuildConfiguration;
			buildSettings = {
				ASSETCATALOG_COMPILER_APPICON_NAME = AppIcon;
				ASSETCATALOG_COMPILER_GLOBAL_ACCENT_COLOR_NAME = AccentColor;
				CODE_SIGN_STYLE = Automatic;
				INFOPLIST_FILE = calculatorApp/Info.plist;
				LD_RUNPATH_SEARCH_PATHS = (
					"$(inherited)",
					"@executable_path/Frameworks",
				);
				PRODUCT_BUNDLE_IDENTIFIER = com.n.calculatorApp;
				PRODUCT_NAME = "$(TARGET_NAME)";
				SWIFT_VERSION = 5.0;
				TARGETED_DEVICE_FAMILY = "1,2";
			};
			name = Release;
		};
		6F00DF44266A78F8007D8D89 /* Debug */ = {
			isa = XCBuildConfiguration;
			buildSettings = {
				ALWAYS_EMBED_SWIFT_STANDARD_LIBRARIES = YES;
				BUNDLE_LOADER = "$(TEST_HOST)";
				CODE_SIGN_STYLE = Automatic;
				INFOPLIST_FILE = calculatorAppTests/Info.plist;
				IPHONEOS_DEPLOYMENT_TARGET = 14.5;
				LD_RUNPATH_SEARCH_PATHS = (
					"$(inherited)",
					"@executable_path/Frameworks",
					"@loader_path/Frameworks",
				);
				PRODUCT_BUNDLE_IDENTIFIER = com.n.calculatorAppTests;
				PRODUCT_NAME = "$(TARGET_NAME)";
				SWIFT_VERSION = 5.0;
				TARGETED_DEVICE_FAMILY = "1,2";
				TEST_HOST = "$(BUILT_PRODUCTS_DIR)/calculatorApp.app/calculatorApp";
			};
			name = Debug;
		};
		6F00DF45266A78F8007D8D89 /* Release */ = {
			isa = XCBuildConfiguration;
			buildSettings = {
				ALWAYS_EMBED_SWIFT_STANDARD_LIBRARIES = YES;
				BUNDLE_LOADER = "$(TEST_HOST)";
				CODE_SIGN_STYLE = Automatic;
				INFOPLIST_FILE = calculatorAppTests/Info.plist;
				IPHONEOS_DEPLOYMENT_TARGET = 14.5;
				LD_RUNPATH_SEARCH_PATHS = (
					"$(inherited)",
					"@executable_path/Frameworks",
					"@loader_path/Frameworks",
				);
				PRODUCT_BUNDLE_IDENTIFIER = com.n.calculatorAppTests;
				PRODUCT_NAME = "$(TARGET_NAME)";
				SWIFT_VERSION = 5.0;
				TARGETED_DEVICE_FAMILY = "1,2";
				TEST_HOST = "$(BUILT_PRODUCTS_DIR)/calculatorApp.app/calculatorApp";
			};
			name = Release;
		};
		6F00DF47266A78F8007D8D89 /* Debug */ = {
			isa = XCBuildConfiguration;
			buildSettings = {
				ALWAYS_EMBED_SWIFT_STANDARD_LIBRARIES = YES;
				CODE_SIGN_STYLE = Automatic;
				INFOPLIST_FILE = calculatorAppUITests/Info.plist;
				LD_RUNPATH_SEARCH_PATHS = (
					"$(inherited)",
					"@executable_path/Frameworks",
					"@loader_path/Frameworks",
				);
				PRODUCT_BUNDLE_IDENTIFIER = com.n.calculatorAppUITests;
				PRODUCT_NAME = "$(TARGET_NAME)";
				SWIFT_VERSION = 5.0;
				TARGETED_DEVICE_FAMILY = "1,2";
				TEST_TARGET_NAME = calculatorApp;
			};
			name = Debug;
		};
		6F00DF48266A78F8007D8D89 /* Release */ = {
			isa = XCBuildConfiguration;
			buildSettings = {
				ALWAYS_EMBED_SWIFT_STANDARD_LIBRARIES = YES;
				CODE_SIGN_STYLE = Automatic;
				INFOPLIST_FILE = calculatorAppUITests/Info.plist;
				LD_RUNPATH_SEARCH_PATHS = (
					"$(inherited)",
					"@executable_path/Frameworks",
					"@loader_path/Frameworks",
				);
				PRODUCT_BUNDLE_IDENTIFIER = com.n.calculatorAppUITests;
				PRODUCT_NAME = "$(TARGET_NAME)";
				SWIFT_VERSION = 5.0;
				TARGETED_DEVICE_FAMILY = "1,2";
				TEST_TARGET_NAME = calculatorApp;
			};
			name = Release;
		};
/* End XCBuildConfiguration section */

/* Begin XCConfigurationList section */
		6F00DF11266A78F3007D8D89 /* Build configuration list for PBXProject "calculatorApp" */ = {
			isa = XCConfigurationList;
			buildConfigurations = (
				6F00DF3E266A78F8007D8D89 /* Debug */,
				6F00DF3F266A78F8007D8D89 /* Release */,
			);
			defaultConfigurationIsVisible = 0;
			defaultConfigurationName = Release;
		};
		6F00DF40266A78F8007D8D89 /* Build configuration list for PBXNativeTarget "calculatorApp" */ = {
			isa = XCConfigurationList;
			buildConfigurations = (
				6F00DF41266A78F8007D8D89 /* Debug */,
				6F00DF42266A78F8007D8D89 /* Release */,
			);
			defaultConfigurationIsVisible = 0;
			defaultConfigurationName = Release;
		};
		6F00DF43266A78F8007D8D89 /* Build configuration list for PBXNativeTarget "calculatorAppTests" */ = {
			isa = XCConfigurationList;
			buildConfigurations = (
				6F00DF44266A78F8007D8D89 /* Debug */,
				6F00DF45266A78F8007D8D89 /* Release */,
			);
			defaultConfigurationIsVisible = 0;
			defaultConfigurationName = Release;
		};
		6F00DF46266A78F8007D8D89 /* Build configuration list for PBXNativeTarget "calculatorAppUITests" */ = {
			isa = XCConfigurationList;
			buildConfigurations = (
				6F00DF47266A78F8007D8D89 /* Debug */,
				6F00DF48266A78F8007D8D89 /* Release */,
			);
			defaultConfigurationIsVisible = 0;
			defaultConfigurationName = Release;
		};
/* End XCConfigurationList section */
	};
	rootObject = 6F00DF0E266A78F2007D8D89 /* Project object */;
}
